// !$*UTF8*$!
{
	archiveVersion = 1;
	classes = {
	};
	objectVersion = 46;
	objects = {

/* Begin PBXBuildFile section */
		530CF7941D1A125E00D66CA1 /* ViewControllerUITests.swift in Sources */ = {isa = PBXBuildFile; fileRef = 530CF7931D1A125E00D66CA1 /* ViewControllerUITests.swift */; };
		531057551D1A218200BD9000 /* Move.swift in Sources */ = {isa = PBXBuildFile; fileRef = 531057541D1A218200BD9000 /* Move.swift */; };
		534907E81D186B550033A3F6 /* GameTests.swift in Sources */ = {isa = PBXBuildFile; fileRef = 534907E71D186B550033A3F6 /* GameTests.swift */; };
		534907EA1D186BEB0033A3F6 /* Game.swift in Sources */ = {isa = PBXBuildFile; fileRef = 534907E91D186BEB0033A3F6 /* Game.swift */; };
		5393D4F31D12E1C000D1B15F /* AppDelegate.swift in Sources */ = {isa = PBXBuildFile; fileRef = 5393D4F21D12E1C000D1B15F /* AppDelegate.swift */; };
		5393D4F51D12E1C000D1B15F /* ViewController.swift in Sources */ = {isa = PBXBuildFile; fileRef = 5393D4F41D12E1C000D1B15F /* ViewController.swift */; };
		5393D4F81D12E1C000D1B15F /* Main.storyboard in Resources */ = {isa = PBXBuildFile; fileRef = 5393D4F61D12E1C000D1B15F /* Main.storyboard */; };
		5393D4FA1D12E1C000D1B15F /* Assets.xcassets in Resources */ = {isa = PBXBuildFile; fileRef = 5393D4F91D12E1C000D1B15F /* Assets.xcassets */; };
		5393D4FD1D12E1C000D1B15F /* LaunchScreen.storyboard in Resources */ = {isa = PBXBuildFile; fileRef = 5393D4FB1D12E1C000D1B15F /* LaunchScreen.storyboard */; };
		53D51B3A1D1850650082FDCA /* BrainTests.swift in Sources */ = {isa = PBXBuildFile; fileRef = 53D51B391D1850650082FDCA /* BrainTests.swift */; };
		53D51B3C1D1853340082FDCA /* Brain.swift in Sources */ = {isa = PBXBuildFile; fileRef = 53D51B3B1D1853340082FDCA /* Brain.swift */; };
		53FED7CC1D1961B700E7DB3E /* ViewControllerUnitTests.swift in Sources */ = {isa = PBXBuildFile; fileRef = 53FED7CB1D1961B700E7DB3E /* ViewControllerUnitTests.swift */; };
		53FED7CE1D19631000E7DB3E /* UIInitializeHelper.swift in Sources */ = {isa = PBXBuildFile; fileRef = 53FED7CD1D19631000E7DB3E /* UIInitializeHelper.swift */; };
		69FE22F15866ED0B38AD93A9 /* Pods_FizzBuzzTests.framework in Frameworks */ = {isa = PBXBuildFile; fileRef = CE28597D5A74700EF09CD4D0 /* Pods_FizzBuzzTests.framework */; };
		71463478537A491AEE550AC3 /* Pods_FizzBuzz.framework in Frameworks */ = {isa = PBXBuildFile; fileRef = E116524E703B88D9DF87A485 /* Pods_FizzBuzz.framework */; };
		EE1A1AAAB36EC36AFA3D7FB5 /* Pods_FizzBuzzUITests.framework in Frameworks */ = {isa = PBXBuildFile; fileRef = E8922CD4142BB3EE4D6367AE /* Pods_FizzBuzzUITests.framework */; };
/* End PBXBuildFile section */

/* Begin PBXContainerItemProxy section */
		5393D5041D12E1C000D1B15F /* PBXContainerItemProxy */ = {
			isa = PBXContainerItemProxy;
			containerPortal = 5393D4E71D12E1C000D1B15F /* Project object */;
			proxyType = 1;
			remoteGlobalIDString = 5393D4EE1D12E1C000D1B15F;
			remoteInfo = FizzBuzz;
		};
		5393D50F1D12E1C000D1B15F /* PBXContainerItemProxy */ = {
			isa = PBXContainerItemProxy;
			containerPortal = 5393D4E71D12E1C000D1B15F /* Project object */;
			proxyType = 1;
			remoteGlobalIDString = 5393D4EE1D12E1C000D1B15F;
			remoteInfo = FizzBuzz;
		};
/* End PBXContainerItemProxy section */

/* Begin PBXFileReference section */
		135999D7B1D12F800F824222 /* Pods-FizzBuzzUITests.debug.xcconfig */ = {isa = PBXFileReference; includeInIndex = 1; lastKnownFileType = text.xcconfig; name = "Pods-FizzBuzzUITests.debug.xcconfig"; path = "Pods/Target Support Files/Pods-FizzBuzzUITests/Pods-FizzBuzzUITests.debug.xcconfig"; sourceTree = "<group>"; };
		2C724CE429373340CE4DEEB2 /* Pods-FizzBuzzUITests.release.xcconfig */ = {isa = PBXFileReference; includeInIndex = 1; lastKnownFileType = text.xcconfig; name = "Pods-FizzBuzzUITests.release.xcconfig"; path = "Pods/Target Support Files/Pods-FizzBuzzUITests/Pods-FizzBuzzUITests.release.xcconfig"; sourceTree = "<group>"; };
		3BA78782D0CFA73896A4A1E1 /* Pods-FizzBuzzTests.debug.xcconfig */ = {isa = PBXFileReference; includeInIndex = 1; lastKnownFileType = text.xcconfig; name = "Pods-FizzBuzzTests.debug.xcconfig"; path = "Pods/Target Support Files/Pods-FizzBuzzTests/Pods-FizzBuzzTests.debug.xcconfig"; sourceTree = "<group>"; };
		530CF7931D1A125E00D66CA1 /* ViewControllerUITests.swift */ = {isa = PBXFileReference; fileEncoding = 4; lastKnownFileType = sourcecode.swift; path = ViewControllerUITests.swift; sourceTree = "<group>"; };
		531057541D1A218200BD9000 /* Move.swift */ = {isa = PBXFileReference; fileEncoding = 4; lastKnownFileType = sourcecode.swift; path = Move.swift; sourceTree = "<group>"; };
		534907E71D186B550033A3F6 /* GameTests.swift */ = {isa = PBXFileReference; fileEncoding = 4; lastKnownFileType = sourcecode.swift; path = GameTests.swift; sourceTree = "<group>"; };
		534907E91D186BEB0033A3F6 /* Game.swift */ = {isa = PBXFileReference; fileEncoding = 4; lastKnownFileType = sourcecode.swift; path = Game.swift; sourceTree = "<group>"; };
		5393D4EF1D12E1C000D1B15F /* FizzBuzz.app */ = {isa = PBXFileReference; explicitFileType = wrapper.application; includeInIndex = 0; path = FizzBuzz.app; sourceTree = BUILT_PRODUCTS_DIR; };
		5393D4F21D12E1C000D1B15F /* AppDelegate.swift */ = {isa = PBXFileReference; lastKnownFileType = sourcecode.swift; path = AppDelegate.swift; sourceTree = "<group>"; };
		5393D4F41D12E1C000D1B15F /* ViewController.swift */ = {isa = PBXFileReference; lastKnownFileType = sourcecode.swift; path = ViewController.swift; sourceTree = "<group>"; };
		5393D4F71D12E1C000D1B15F /* Base */ = {isa = PBXFileReference; lastKnownFileType = file.storyboard; name = Base; path = Base.lproj/Main.storyboard; sourceTree = "<group>"; };
		5393D4F91D12E1C000D1B15F /* Assets.xcassets */ = {isa = PBXFileReference; lastKnownFileType = folder.assetcatalog; path = Assets.xcassets; sourceTree = "<group>"; };
		5393D4FC1D12E1C000D1B15F /* Base */ = {isa = PBXFileReference; lastKnownFileType = file.storyboard; name = Base; path = Base.lproj/LaunchScreen.storyboard; sourceTree = "<group>"; };
		5393D4FE1D12E1C000D1B15F /* Info.plist */ = {isa = PBXFileReference; lastKnownFileType = text.plist.xml; path = Info.plist; sourceTree = "<group>"; };
		5393D5031D12E1C000D1B15F /* FizzBuzzTests.xctest */ = {isa = PBXFileReference; explicitFileType = wrapper.cfbundle; includeInIndex = 0; path = FizzBuzzTests.xctest; sourceTree = BUILT_PRODUCTS_DIR; };
		5393D5091D12E1C000D1B15F /* Info.plist */ = {isa = PBXFileReference; lastKnownFileType = text.plist.xml; path = Info.plist; sourceTree = "<group>"; };
		5393D50E1D12E1C000D1B15F /* FizzBuzzUITests.xctest */ = {isa = PBXFileReference; explicitFileType = wrapper.cfbundle; includeInIndex = 0; path = FizzBuzzUITests.xctest; sourceTree = BUILT_PRODUCTS_DIR; };
		5393D5141D12E1C000D1B15F /* Info.plist */ = {isa = PBXFileReference; lastKnownFileType = text.plist.xml; path = Info.plist; sourceTree = "<group>"; };
		53D51B391D1850650082FDCA /* BrainTests.swift */ = {isa = PBXFileReference; fileEncoding = 4; lastKnownFileType = sourcecode.swift; path = BrainTests.swift; sourceTree = "<group>"; };
		53D51B3B1D1853340082FDCA /* Brain.swift */ = {isa = PBXFileReference; fileEncoding = 4; lastKnownFileType = sourcecode.swift; path = Brain.swift; sourceTree = "<group>"; };
		53FED7CB1D1961B700E7DB3E /* ViewControllerUnitTests.swift */ = {isa = PBXFileReference; fileEncoding = 4; lastKnownFileType = sourcecode.swift; path = ViewControllerUnitTests.swift; sourceTree = "<group>"; };
		53FED7CD1D19631000E7DB3E /* UIInitializeHelper.swift */ = {isa = PBXFileReference; fileEncoding = 4; lastKnownFileType = sourcecode.swift; path = UIInitializeHelper.swift; sourceTree = "<group>"; };
		659F672DF6EE26F855DB2299 /* Pods-FizzBuzz.debug.xcconfig */ = {isa = PBXFileReference; includeInIndex = 1; lastKnownFileType = text.xcconfig; name = "Pods-FizzBuzz.debug.xcconfig"; path = "Pods/Target Support Files/Pods-FizzBuzz/Pods-FizzBuzz.debug.xcconfig"; sourceTree = "<group>"; };
		C88571D8A648D30C11EAFE2E /* Pods-FizzBuzzTests.release.xcconfig */ = {isa = PBXFileReference; includeInIndex = 1; lastKnownFileType = text.xcconfig; name = "Pods-FizzBuzzTests.release.xcconfig"; path = "Pods/Target Support Files/Pods-FizzBuzzTests/Pods-FizzBuzzTests.release.xcconfig"; sourceTree = "<group>"; };
		CE28597D5A74700EF09CD4D0 /* Pods_FizzBuzzTests.framework */ = {isa = PBXFileReference; explicitFileType = wrapper.framework; includeInIndex = 0; path = Pods_FizzBuzzTests.framework; sourceTree = BUILT_PRODUCTS_DIR; };
		E116524E703B88D9DF87A485 /* Pods_FizzBuzz.framework */ = {isa = PBXFileReference; explicitFileType = wrapper.framework; includeInIndex = 0; path = Pods_FizzBuzz.framework; sourceTree = BUILT_PRODUCTS_DIR; };
		E8922CD4142BB3EE4D6367AE /* Pods_FizzBuzzUITests.framework */ = {isa = PBXFileReference; explicitFileType = wrapper.framework; includeInIndex = 0; path = Pods_FizzBuzzUITests.framework; sourceTree = BUILT_PRODUCTS_DIR; };
		F61BF3FC3BE28C8E8A66259A /* Pods-FizzBuzz.release.xcconfig */ = {isa = PBXFileReference; includeInIndex = 1; lastKnownFileType = text.xcconfig; name = "Pods-FizzBuzz.release.xcconfig"; path = "Pods/Target Support Files/Pods-FizzBuzz/Pods-FizzBuzz.release.xcconfig"; sourceTree = "<group>"; };
/* End PBXFileReference section */

/* Begin PBXFrameworksBuildPhase section */
		5393D4EC1D12E1C000D1B15F /* Frameworks */ = {
			isa = PBXFrameworksBuildPhase;
			buildActionMask = 2147483647;
			files = (
				71463478537A491AEE550AC3 /* Pods_FizzBuzz.framework in Frameworks */,
			);
			runOnlyForDeploymentPostprocessing = 0;
		};
		5393D5001D12E1C000D1B15F /* Frameworks */ = {
			isa = PBXFrameworksBuildPhase;
			buildActionMask = 2147483647;
			files = (
				69FE22F15866ED0B38AD93A9 /* Pods_FizzBuzzTests.framework in Frameworks */,
			);
			runOnlyForDeploymentPostprocessing = 0;
		};
		5393D50B1D12E1C000D1B15F /* Frameworks */ = {
			isa = PBXFrameworksBuildPhase;
			buildActionMask = 2147483647;
			files = (
				EE1A1AAAB36EC36AFA3D7FB5 /* Pods_FizzBuzzUITests.framework in Frameworks */,
			);
			runOnlyForDeploymentPostprocessing = 0;
		};
/* End PBXFrameworksBuildPhase section */

/* Begin PBXGroup section */
		386F725109286D679E812FCA /* Pods */ = {
			isa = PBXGroup;
			children = (
				659F672DF6EE26F855DB2299 /* Pods-FizzBuzz.debug.xcconfig */,
				F61BF3FC3BE28C8E8A66259A /* Pods-FizzBuzz.release.xcconfig */,
				3BA78782D0CFA73896A4A1E1 /* Pods-FizzBuzzTests.debug.xcconfig */,
				C88571D8A648D30C11EAFE2E /* Pods-FizzBuzzTests.release.xcconfig */,
				135999D7B1D12F800F824222 /* Pods-FizzBuzzUITests.debug.xcconfig */,
				2C724CE429373340CE4DEEB2 /* Pods-FizzBuzzUITests.release.xcconfig */,
			);
			name = Pods;
			sourceTree = "<group>";
		};
		4B046996756F14EA105D9EBC /* Frameworks */ = {
			isa = PBXGroup;
			children = (
				E116524E703B88D9DF87A485 /* Pods_FizzBuzz.framework */,
				CE28597D5A74700EF09CD4D0 /* Pods_FizzBuzzTests.framework */,
				E8922CD4142BB3EE4D6367AE /* Pods_FizzBuzzUITests.framework */,
			);
			name = Frameworks;
			sourceTree = "<group>";
		};
		5393D4E61D12E1C000D1B15F = {
			isa = PBXGroup;
			children = (
				5393D4F11D12E1C000D1B15F /* FizzBuzz */,
				5393D5061D12E1C000D1B15F /* FizzBuzzTests */,
				5393D5111D12E1C000D1B15F /* FizzBuzzUITests */,
				5393D4F01D12E1C000D1B15F /* Products */,
				386F725109286D679E812FCA /* Pods */,
				4B046996756F14EA105D9EBC /* Frameworks */,
			);
			sourceTree = "<group>";
		};
		5393D4F01D12E1C000D1B15F /* Products */ = {
			isa = PBXGroup;
			children = (
				5393D4EF1D12E1C000D1B15F /* FizzBuzz.app */,
				5393D5031D12E1C000D1B15F /* FizzBuzzTests.xctest */,
				5393D50E1D12E1C000D1B15F /* FizzBuzzUITests.xctest */,
			);
			name = Products;
			sourceTree = "<group>";
		};
		5393D4F11D12E1C000D1B15F /* FizzBuzz */ = {
			isa = PBXGroup;
			children = (
				5393D4F21D12E1C000D1B15F /* AppDelegate.swift */,
				5393D4F41D12E1C000D1B15F /* ViewController.swift */,
				5393D4F61D12E1C000D1B15F /* Main.storyboard */,
				5393D4F91D12E1C000D1B15F /* Assets.xcassets */,
				5393D4FB1D12E1C000D1B15F /* LaunchScreen.storyboard */,
				5393D4FE1D12E1C000D1B15F /* Info.plist */,
				53D51B3B1D1853340082FDCA /* Brain.swift */,
				534907E91D186BEB0033A3F6 /* Game.swift */,
				531057541D1A218200BD9000 /* Move.swift */,
			);
			path = FizzBuzz;
			sourceTree = "<group>";
		};
		5393D5061D12E1C000D1B15F /* FizzBuzzTests */ = {
			isa = PBXGroup;
			children = (
				53D51B391D1850650082FDCA /* BrainTests.swift */,
				534907E71D186B550033A3F6 /* GameTests.swift */,
				5393D5091D12E1C000D1B15F /* Info.plist */,
				53FED7CB1D1961B700E7DB3E /* ViewControllerUnitTests.swift */,
				53FED7CD1D19631000E7DB3E /* UIInitializeHelper.swift */,
			);
			path = FizzBuzzTests;
			sourceTree = "<group>";
		};
		5393D5111D12E1C000D1B15F /* FizzBuzzUITests */ = {
			isa = PBXGroup;
			children = (
				5393D5141D12E1C000D1B15F /* Info.plist */,
				530CF7931D1A125E00D66CA1 /* ViewControllerUITests.swift */,
			);
			path = FizzBuzzUITests;
			sourceTree = "<group>";
		};
/* End PBXGroup section */

/* Begin PBXNativeTarget section */
		5393D4EE1D12E1C000D1B15F /* FizzBuzz */ = {
			isa = PBXNativeTarget;
			buildConfigurationList = 5393D5171D12E1C000D1B15F /* Build configuration list for PBXNativeTarget "FizzBuzz" */;
			buildPhases = (
				500B3E1FF891C0DA460C1219 /* [CP] Check Pods Manifest.lock */,
				5393D4EB1D12E1C000D1B15F /* Sources */,
				5393D4EC1D12E1C000D1B15F /* Frameworks */,
				5393D4ED1D12E1C000D1B15F /* Resources */,
				76C1A63FDA060C34FEEC8386 /* [CP] Embed Pods Frameworks */,
				12C2777CB03BA4005DFB600C /* [CP] Copy Pods Resources */,
			);
			buildRules = (
			);
			dependencies = (
			);
			name = FizzBuzz;
			productName = FizzBuzz;
			productReference = 5393D4EF1D12E1C000D1B15F /* FizzBuzz.app */;
			productType = "com.apple.product-type.application";
		};
		5393D5021D12E1C000D1B15F /* FizzBuzzTests */ = {
			isa = PBXNativeTarget;
			buildConfigurationList = 5393D51A1D12E1C000D1B15F /* Build configuration list for PBXNativeTarget "FizzBuzzTests" */;
			buildPhases = (
				E529CF9F3C0695E3398102C9 /* [CP] Check Pods Manifest.lock */,
				5393D4FF1D12E1C000D1B15F /* Sources */,
				5393D5001D12E1C000D1B15F /* Frameworks */,
				5393D5011D12E1C000D1B15F /* Resources */,
				436E3974F08F022687BC5EA8 /* [CP] Embed Pods Frameworks */,
				7851B40F3050B27180041C99 /* [CP] Copy Pods Resources */,
			);
			buildRules = (
			);
			dependencies = (
				5393D5051D12E1C000D1B15F /* PBXTargetDependency */,
			);
			name = FizzBuzzTests;
			productName = FizzBuzzTests;
			productReference = 5393D5031D12E1C000D1B15F /* FizzBuzzTests.xctest */;
			productType = "com.apple.product-type.bundle.unit-test";
		};
		5393D50D1D12E1C000D1B15F /* FizzBuzzUITests */ = {
			isa = PBXNativeTarget;
			buildConfigurationList = 5393D51D1D12E1C000D1B15F /* Build configuration list for PBXNativeTarget "FizzBuzzUITests" */;
			buildPhases = (
				83A2216F56F7DC0CAE04F4AB /* [CP] Check Pods Manifest.lock */,
				5393D50A1D12E1C000D1B15F /* Sources */,
				5393D50B1D12E1C000D1B15F /* Frameworks */,
				5393D50C1D12E1C000D1B15F /* Resources */,
				2271BE3DF84D194ABD0C13D6 /* [CP] Copy Pods Resources */,
			);
			buildRules = (
			);
			dependencies = (
				5393D5101D12E1C000D1B15F /* PBXTargetDependency */,
			);
			name = FizzBuzzUITests;
			productName = FizzBuzzUITests;
			productReference = 5393D50E1D12E1C000D1B15F /* FizzBuzzUITests.xctest */;
			productType = "com.apple.product-type.bundle.ui-testing";
		};
/* End PBXNativeTarget section */

/* Begin PBXProject section */
		5393D4E71D12E1C000D1B15F /* Project object */ = {
			isa = PBXProject;
			attributes = {
				LastSwiftUpdateCheck = 0730;
				LastUpgradeCheck = 0730;
				ORGANIZATIONNAME = "Swift Yah";
				TargetAttributes = {
					5393D4EE1D12E1C000D1B15F = {
						CreatedOnToolsVersion = 7.3.1;
						DevelopmentTeam = LQ5WW9469F;
					};
					5393D5021D12E1C000D1B15F = {
						CreatedOnToolsVersion = 7.3.1;
						TestTargetID = 5393D4EE1D12E1C000D1B15F;
					};
					5393D50D1D12E1C000D1B15F = {
						CreatedOnToolsVersion = 7.3.1;
						TestTargetID = 5393D4EE1D12E1C000D1B15F;
					};
				};
			};
			buildConfigurationList = 5393D4EA1D12E1C000D1B15F /* Build configuration list for PBXProject "FizzBuzz" */;
			compatibilityVersion = "Xcode 3.2";
			developmentRegion = English;
			hasScannedForEncodings = 0;
			knownRegions = (
				en,
				Base,
			);
			mainGroup = 5393D4E61D12E1C000D1B15F;
			productRefGroup = 5393D4F01D12E1C000D1B15F /* Products */;
			projectDirPath = "";
			projectRoot = "";
			targets = (
				5393D4EE1D12E1C000D1B15F /* FizzBuzz */,
				5393D5021D12E1C000D1B15F /* FizzBuzzTests */,
				5393D50D1D12E1C000D1B15F /* FizzBuzzUITests */,
			);
		};
/* End PBXProject section */

/* Begin PBXResourcesBuildPhase section */
		5393D4ED1D12E1C000D1B15F /* Resources */ = {
			isa = PBXResourcesBuildPhase;
			buildActionMask = 2147483647;
			files = (
				5393D4FD1D12E1C000D1B15F /* LaunchScreen.storyboard in Resources */,
				5393D4FA1D12E1C000D1B15F /* Assets.xcassets in Resources */,
				5393D4F81D12E1C000D1B15F /* Main.storyboard in Resources */,
			);
			runOnlyForDeploymentPostprocessing = 0;
		};
		5393D5011D12E1C000D1B15F /* Resources */ = {
			isa = PBXResourcesBuildPhase;
			buildActionMask = 2147483647;
			files = (
			);
			runOnlyForDeploymentPostprocessing = 0;
		};
		5393D50C1D12E1C000D1B15F /* Resources */ = {
			isa = PBXResourcesBuildPhase;
			buildActionMask = 2147483647;
			files = (
			);
			runOnlyForDeploymentPostprocessing = 0;
		};
/* End PBXResourcesBuildPhase section */

/* Begin PBXShellScriptBuildPhase section */
		12C2777CB03BA4005DFB600C /* [CP] Copy Pods Resources */ = {
			isa = PBXShellScriptBuildPhase;
			buildActionMask = 2147483647;
			files = (
			);
			inputPaths = (
			);
			name = "[CP] Copy Pods Resources";
			outputPaths = (
			);
			runOnlyForDeploymentPostprocessing = 0;
			shellPath = /bin/sh;
			shellScript = "\"${SRCROOT}/Pods/Target Support Files/Pods-FizzBuzz/Pods-FizzBuzz-resources.sh\"\n";
			showEnvVarsInLog = 0;
		};
		2271BE3DF84D194ABD0C13D6 /* [CP] Copy Pods Resources */ = {
			isa = PBXShellScriptBuildPhase;
			buildActionMask = 2147483647;
			files = (
			);
			inputPaths = (
			);
			name = "[CP] Copy Pods Resources";
			outputPaths = (
			);
			runOnlyForDeploymentPostprocessing = 0;
			shellPath = /bin/sh;
			shellScript = "\"${SRCROOT}/Pods/Target Support Files/Pods-FizzBuzzUITests/Pods-FizzBuzzUITests-resources.sh\"\n";
			showEnvVarsInLog = 0;
		};
		436E3974F08F022687BC5EA8 /* [CP] Embed Pods Frameworks */ = {
			isa = PBXShellScriptBuildPhase;
			buildActionMask = 2147483647;
			files = (
			);
			inputPaths = (
			);
			name = "[CP] Embed Pods Frameworks";
			outputPaths = (
			);
			runOnlyForDeploymentPostprocessing = 0;
			shellPath = /bin/sh;
			shellScript = "\"${SRCROOT}/Pods/Target Support Files/Pods-FizzBuzzTests/Pods-FizzBuzzTests-frameworks.sh\"\n";
			showEnvVarsInLog = 0;
		};
		500B3E1FF891C0DA460C1219 /* [CP] Check Pods Manifest.lock */ = {
			isa = PBXShellScriptBuildPhase;
			buildActionMask = 2147483647;
			files = (
			);
			inputPaths = (
			);
			name = "[CP] Check Pods Manifest.lock";
			outputPaths = (
			);
			runOnlyForDeploymentPostprocessing = 0;
			shellPath = /bin/sh;
			shellScript = "diff \"${PODS_ROOT}/../Podfile.lock\" \"${PODS_ROOT}/Manifest.lock\" > /dev/null\nif [[ $? != 0 ]] ; then\n    cat << EOM\nerror: The sandbox is not in sync with the Podfile.lock. Run 'pod install' or update your CocoaPods installation.\nEOM\n    exit 1\nfi\n";
			showEnvVarsInLog = 0;
		};
		76C1A63FDA060C34FEEC8386 /* [CP] Embed Pods Frameworks */ = {
			isa = PBXShellScriptBuildPhase;
			buildActionMask = 2147483647;
			files = (
			);
			inputPaths = (
			);
			name = "[CP] Embed Pods Frameworks";
			outputPaths = (
			);
			runOnlyForDeploymentPostprocessing = 0;
			shellPath = /bin/sh;
			shellScript = "\"${SRCROOT}/Pods/Target Support Files/Pods-FizzBuzz/Pods-FizzBuzz-frameworks.sh\"\n";
			showEnvVarsInLog = 0;
		};
		7851B40F3050B27180041C99 /* [CP] Copy Pods Resources */ = {
			isa = PBXShellScriptBuildPhase;
			buildActionMask = 2147483647;
			files = (
			);
			inputPaths = (
			);
			name = "[CP] Copy Pods Resources";
			outputPaths = (
			);
			runOnlyForDeploymentPostprocessing = 0;
			shellPath = /bin/sh;
			shellScript = "\"${SRCROOT}/Pods/Target Support Files/Pods-FizzBuzzTests/Pods-FizzBuzzTests-resources.sh\"\n";
			showEnvVarsInLog = 0;
		};
		83A2216F56F7DC0CAE04F4AB /* [CP] Check Pods Manifest.lock */ = {
			isa = PBXShellScriptBuildPhase;
			buildActionMask = 2147483647;
			files = (
			);
			inputPaths = (
			);
			name = "[CP] Check Pods Manifest.lock";
			outputPaths = (
			);
			runOnlyForDeploymentPostprocessing = 0;
			shellPath = /bin/sh;
			shellScript = "diff \"${PODS_ROOT}/../Podfile.lock\" \"${PODS_ROOT}/Manifest.lock\" > /dev/null\nif [[ $? != 0 ]] ; then\n    cat << EOM\nerror: The sandbox is not in sync with the Podfile.lock. Run 'pod install' or update your CocoaPods installation.\nEOM\n    exit 1\nfi\n";
			showEnvVarsInLog = 0;
		};
		E529CF9F3C0695E3398102C9 /* [CP] Check Pods Manifest.lock */ = {
			isa = PBXShellScriptBuildPhase;
			buildActionMask = 2147483647;
			files = (
			);
			inputPaths = (
			);
			name = "[CP] Check Pods Manifest.lock";
			outputPaths = (
			);
			runOnlyForDeploymentPostprocessing = 0;
			shellPath = /bin/sh;
			shellScript = "diff \"${PODS_ROOT}/../Podfile.lock\" \"${PODS_ROOT}/Manifest.lock\" > /dev/null\nif [[ $? != 0 ]] ; then\n    cat << EOM\nerror: The sandbox is not in sync with the Podfile.lock. Run 'pod install' or update your CocoaPods installation.\nEOM\n    exit 1\nfi\n";
			showEnvVarsInLog = 0;
		};
/* End PBXShellScriptBuildPhase section */

/* Begin PBXSourcesBuildPhase section */
		5393D4EB1D12E1C000D1B15F /* Sources */ = {
			isa = PBXSourcesBuildPhase;
			buildActionMask = 2147483647;
			files = (
				531057551D1A218200BD9000 /* Move.swift in Sources */,
				5393D4F51D12E1C000D1B15F /* ViewController.swift in Sources */,
				53D51B3C1D1853340082FDCA /* Brain.swift in Sources */,
				5393D4F31D12E1C000D1B15F /* AppDelegate.swift in Sources */,
				534907EA1D186BEB0033A3F6 /* Game.swift in Sources */,
			);
			runOnlyForDeploymentPostprocessing = 0;
		};
		5393D4FF1D12E1C000D1B15F /* Sources */ = {
			isa = PBXSourcesBuildPhase;
			buildActionMask = 2147483647;
			files = (
				53D51B3A1D1850650082FDCA /* BrainTests.swift in Sources */,
				534907E81D186B550033A3F6 /* GameTests.swift in Sources */,
				53FED7CC1D1961B700E7DB3E /* ViewControllerUnitTests.swift in Sources */,
				53FED7CE1D19631000E7DB3E /* UIInitializeHelper.swift in Sources */,
			);
			runOnlyForDeploymentPostprocessing = 0;
		};
		5393D50A1D12E1C000D1B15F /* Sources */ = {
			isa = PBXSourcesBuildPhase;
			buildActionMask = 2147483647;
			files = (
				530CF7941D1A125E00D66CA1 /* ViewControllerUITests.swift in Sources */,
			);
			runOnlyForDeploymentPostprocessing = 0;
		};
/* End PBXSourcesBuildPhase section */

/* Begin PBXTargetDependency section */
		5393D5051D12E1C000D1B15F /* PBXTargetDependency */ = {
			isa = PBXTargetDependency;
			target = 5393D4EE1D12E1C000D1B15F /* FizzBuzz */;
			targetProxy = 5393D5041D12E1C000D1B15F /* PBXContainerItemProxy */;
		};
		5393D5101D12E1C000D1B15F /* PBXTargetDependency */ = {
			isa = PBXTargetDependency;
			target = 5393D4EE1D12E1C000D1B15F /* FizzBuzz */;
			targetProxy = 5393D50F1D12E1C000D1B15F /* PBXContainerItemProxy */;
		};
/* End PBXTargetDependency section */

/* Begin PBXVariantGroup section */
		5393D4F61D12E1C000D1B15F /* Main.storyboard */ = {
			isa = PBXVariantGroup;
			children = (
				5393D4F71D12E1C000D1B15F /* Base */,
			);
			name = Main.storyboard;
			sourceTree = "<group>";
		};
		5393D4FB1D12E1C000D1B15F /* LaunchScreen.storyboard */ = {
			isa = PBXVariantGroup;
			children = (
				5393D4FC1D12E1C000D1B15F /* Base */,
			);
			name = LaunchScreen.storyboard;
			sourceTree = "<group>";
		};
/* End PBXVariantGroup section */

/* Begin XCBuildConfiguration section */
		5393D5151D12E1C000D1B15F /* Debug */ = {
			isa = XCBuildConfiguration;
			buildSettings = {
				ALWAYS_SEARCH_USER_PATHS = NO;
				CLANG_ANALYZER_NONNULL = YES;
				CLANG_CXX_LANGUAGE_STANDARD = "gnu++0x";
				CLANG_CXX_LIBRARY = "libc++";
				CLANG_ENABLE_MODULES = YES;
				CLANG_ENABLE_OBJC_ARC = YES;
				CLANG_WARN_BOOL_CONVERSION = YES;
				CLANG_WARN_CONSTANT_CONVERSION = YES;
				CLANG_WARN_DIRECT_OBJC_ISA_USAGE = YES_ERROR;
				CLANG_WARN_EMPTY_BODY = YES;
				CLANG_WARN_ENUM_CONVERSION = YES;
				CLANG_WARN_INT_CONVERSION = YES;
				CLANG_WARN_OBJC_ROOT_CLASS = YES_ERROR;
				CLANG_WARN_UNREACHABLE_CODE = YES;
				CLANG_WARN__DUPLICATE_METHOD_MATCH = YES;
				"CODE_SIGN_IDENTITY[sdk=iphoneos*]" = "iPhone Developer";
				COPY_PHASE_STRIP = NO;
				DEBUG_INFORMATION_FORMAT = dwarf;
				ENABLE_STRICT_OBJC_MSGSEND = YES;
				ENABLE_TESTABILITY = YES;
				GCC_C_LANGUAGE_STANDARD = gnu99;
				GCC_DYNAMIC_NO_PIC = NO;
				GCC_NO_COMMON_BLOCKS = YES;
				GCC_OPTIMIZATION_LEVEL = 0;
				GCC_PREPROCESSOR_DEFINITIONS = (
					"DEBUG=1",
					"$(inherited)",
				);
				GCC_WARN_64_TO_32_BIT_CONVERSION = YES;
				GCC_WARN_ABOUT_RETURN_TYPE = YES_ERROR;
				GCC_WARN_UNDECLARED_SELECTOR = YES;
				GCC_WARN_UNINITIALIZED_AUTOS = YES_AGGRESSIVE;
				GCC_WARN_UNUSED_FUNCTION = YES;
				GCC_WARN_UNUSED_VARIABLE = YES;
				IPHONEOS_DEPLOYMENT_TARGET = 9.3;
				MTL_ENABLE_DEBUG_INFO = YES;
				ONLY_ACTIVE_ARCH = YES;
				SDKROOT = iphoneos;
				SWIFT_OPTIMIZATION_LEVEL = "-Onone";
				TARGETED_DEVICE_FAMILY = "1,2";
			};
			name = Debug;
		};
		5393D5161D12E1C000D1B15F /* Release */ = {
			isa = XCBuildConfiguration;
			buildSettings = {
				ALWAYS_SEARCH_USER_PATHS = NO;
				CLANG_ANALYZER_NONNULL = YES;
				CLANG_CXX_LANGUAGE_STANDARD = "gnu++0x";
				CLANG_CXX_LIBRARY = "libc++";
				CLANG_ENABLE_MODULES = YES;
				CLANG_ENABLE_OBJC_ARC = YES;
				CLANG_WARN_BOOL_CONVERSION = YES;
				CLANG_WARN_CONSTANT_CONVERSION = YES;
				CLANG_WARN_DIRECT_OBJC_ISA_USAGE = YES_ERROR;
				CLANG_WARN_EMPTY_BODY = YES;
				CLANG_WARN_ENUM_CONVERSION = YES;
				CLANG_WARN_INT_CONVERSION = YES;
				CLANG_WARN_OBJC_ROOT_CLASS = YES_ERROR;
				CLANG_WARN_UNREACHABLE_CODE = YES;
				CLANG_WARN__DUPLICATE_METHOD_MATCH = YES;
				"CODE_SIGN_IDENTITY[sdk=iphoneos*]" = "iPhone Developer";
				COPY_PHASE_STRIP = NO;
				DEBUG_INFORMATION_FORMAT = "dwarf-with-dsym";
				ENABLE_NS_ASSERTIONS = NO;
				ENABLE_STRICT_OBJC_MSGSEND = YES;
				GCC_C_LANGUAGE_STANDARD = gnu99;
				GCC_NO_COMMON_BLOCKS = YES;
				GCC_WARN_64_TO_32_BIT_CONVERSION = YES;
				GCC_WARN_ABOUT_RETURN_TYPE = YES_ERROR;
				GCC_WARN_UNDECLARED_SELECTOR = YES;
				GCC_WARN_UNINITIALIZED_AUTOS = YES_AGGRESSIVE;
				GCC_WARN_UNUSED_FUNCTION = YES;
				GCC_WARN_UNUSED_VARIABLE = YES;
				IPHONEOS_DEPLOYMENT_TARGET = 9.3;
				MTL_ENABLE_DEBUG_INFO = NO;
				SDKROOT = iphoneos;
				TARGETED_DEVICE_FAMILY = "1,2";
				VALIDATE_PRODUCT = YES;
			};
			name = Release;
		};
		5393D5181D12E1C000D1B15F /* Debug */ = {
			isa = XCBuildConfiguration;
			baseConfigurationReference = 659F672DF6EE26F855DB2299 /* Pods-FizzBuzz.debug.xcconfig */;
			buildSettings = {
				ASSETCATALOG_COMPILER_APPICON_NAME = AppIcon;
				CODE_SIGN_IDENTITY = "iPhone Developer";
				INFOPLIST_FILE = FizzBuzz/Info.plist;
				LD_RUNPATH_SEARCH_PATHS = "$(inherited) @executable_path/Frameworks";
				PRODUCT_BUNDLE_IDENTIFIER = "io.swift-yah.FizzBuzz";
				PRODUCT_NAME = "$(TARGET_NAME)";
			};
			name = Debug;
		};
		5393D5191D12E1C000D1B15F /* Release */ = {
			isa = XCBuildConfiguration;
			baseConfigurationReference = F61BF3FC3BE28C8E8A66259A /* Pods-FizzBuzz.release.xcconfig */;
			buildSettings = {
				ASSETCATALOG_COMPILER_APPICON_NAME = AppIcon;
				CODE_SIGN_IDENTITY = "iPhone Developer";
				INFOPLIST_FILE = FizzBuzz/Info.plist;
				LD_RUNPATH_SEARCH_PATHS = "$(inherited) @executable_path/Frameworks";
				PRODUCT_BUNDLE_IDENTIFIER = "io.swift-yah.FizzBuzz";
				PRODUCT_NAME = "$(TARGET_NAME)";
			};
			name = Release;
		};
		5393D51B1D12E1C000D1B15F /* Debug */ = {
			isa = XCBuildConfiguration;
			baseConfigurationReference = 3BA78782D0CFA73896A4A1E1 /* Pods-FizzBuzzTests.debug.xcconfig */;
			buildSettings = {
				BUNDLE_LOADER = "$(TEST_HOST)";
				CLANG_ENABLE_MODULES = YES;
				INFOPLIST_FILE = FizzBuzzTests/Info.plist;
				LD_RUNPATH_SEARCH_PATHS = "$(inherited) @executable_path/Frameworks @loader_path/Frameworks";
				PRODUCT_BUNDLE_IDENTIFIER = "io.swift-yah.FizzBuzzTests";
				PRODUCT_NAME = "$(TARGET_NAME)";
				SWIFT_OPTIMIZATION_LEVEL = "-Onone";
				TEST_HOST = "$(BUILT_PRODUCTS_DIR)/FizzBuzz.app/FizzBuzz";
			};
			name = Debug;
		};
		5393D51C1D12E1C000D1B15F /* Release */ = {
			isa = XCBuildConfiguration;
			baseConfigurationReference = C88571D8A648D30C11EAFE2E /* Pods-FizzBuzzTests.release.xcconfig */;
			buildSettings = {
				BUNDLE_LOADER = "$(TEST_HOST)";
				CLANG_ENABLE_MODULES = YES;
				INFOPLIST_FILE = FizzBuzzTests/Info.plist;
				LD_RUNPATH_SEARCH_PATHS = "$(inherited) @executable_path/Frameworks @loader_path/Frameworks";
				PRODUCT_BUNDLE_IDENTIFIER = "io.swift-yah.FizzBuzzTests";
				PRODUCT_NAME = "$(TARGET_NAME)";
				TEST_HOST = "$(BUILT_PRODUCTS_DIR)/FizzBuzz.app/FizzBuzz";
			};
			name = Release;
		};
		5393D51E1D12E1C000D1B15F /* Debug */ = {
			isa = XCBuildConfiguration;
			baseConfigurationReference = 135999D7B1D12F800F824222 /* Pods-FizzBuzzUITests.debug.xcconfig */;
			buildSettings = {
				CLANG_ENABLE_MODULES = YES;
				INFOPLIST_FILE = FizzBuzzUITests/Info.plist;
				LD_RUNPATH_SEARCH_PATHS = "$(inherited) @executable_path/Frameworks @loader_path/Frameworks";
				PRODUCT_BUNDLE_IDENTIFIER = "io.swift-yah.FizzBuzzUITests";
				PRODUCT_NAME = "$(TARGET_NAME)";
				SWIFT_OPTIMIZATION_LEVEL = "-Onone";
				TEST_TARGET_NAME = FizzBuzz;
			};
			name = Debug;
		};
		5393D51F1D12E1C000D1B15F /* Release */ = {
			isa = XCBuildConfiguration;
			baseConfigurationReference = 2C724CE429373340CE4DEEB2 /* Pods-FizzBuzzUITests.release.xcconfig */;
			buildSettings = {
				CLANG_ENABLE_MODULES = YES;
				INFOPLIST_FILE = FizzBuzzUITests/Info.plist;
				LD_RUNPATH_SEARCH_PATHS = "$(inherited) @executable_path/Frameworks @loader_path/Frameworks";
				PRODUCT_BUNDLE_IDENTIFIER = "io.swift-yah.FizzBuzzUITests";
				PRODUCT_NAME = "$(TARGET_NAME)";
				TEST_TARGET_NAME = FizzBuzz;
			};
			name = Release;
		};
/* End XCBuildConfiguration section */

/* Begin XCConfigurationList section */
		5393D4EA1D12E1C000D1B15F /* Build configuration list for PBXProject "FizzBuzz" */ = {
			isa = XCConfigurationList;
			buildConfigurations = (
				5393D5151D12E1C000D1B15F /* Debug */,
				5393D5161D12E1C000D1B15F /* Release */,
			);
			defaultConfigurationIsVisible = 0;
			defaultConfigurationName = Release;
		};
		5393D5171D12E1C000D1B15F /* Build configuration list for PBXNativeTarget "FizzBuzz" */ = {
			isa = XCConfigurationList;
			buildConfigurations = (
				5393D5181D12E1C000D1B15F /* Debug */,
				5393D5191D12E1C000D1B15F /* Release */,
			);
			defaultConfigurationIsVisible = 0;
			defaultConfigurationName = Release;
		};
		5393D51A1D12E1C000D1B15F /* Build configuration list for PBXNativeTarget "FizzBuzzTests" */ = {
			isa = XCConfigurationList;
			buildConfigurations = (
				5393D51B1D12E1C000D1B15F /* Debug */,
				5393D51C1D12E1C000D1B15F /* Release */,
			);
			defaultConfigurationIsVisible = 0;
			defaultConfigurationName = Release;
		};
		5393D51D1D12E1C000D1B15F /* Build configuration list for PBXNativeTarget "FizzBuzzUITests" */ = {
			isa = XCConfigurationList;
			buildConfigurations = (
				5393D51E1D12E1C000D1B15F /* Debug */,
				5393D51F1D12E1C000D1B15F /* Release */,
			);
			defaultConfigurationIsVisible = 0;
			defaultConfigurationName = Release;
		};
/* End XCConfigurationList section */
	};
	rootObject = 5393D4E71D12E1C000D1B15F /* Project object */;
}
